
Microsoft Visual Studio Solution File, Format Version 12.00
# Visual Studio 15
VisualStudioVersion = 15.0.27428.2043
MinimumVisualStudioVersion = 10.0.40219.1
Project("{FAE04EC0-301F-11D3-BF4B-00C04F79EFBC}") = "GeekOut2018.TestExamples", "GeekOut2018.TestExamples\GeekOut2018.TestExamples.csproj", "{CC369AB2-E5E5-4C8C-9CCA-F6852B7BFC3F}"
EndProject
Project("{FAE04EC0-301F-11D3-BF4B-00C04F79EFBC}") = "GeekOut2018.TestExamples.Tests", "GeekOut2018.TestExamples.Tests\GeekOut2018.TestExamples.Tests.csproj", "{B2FB5BD5-4387-4738-934B-12A70807F06D}"
EndProject
Project("{FAE04EC0-301F-11D3-BF4B-00C04F79EFBC}") = "GeekOut2018.EnovaExtension", "GeekOut2018.EnovaExtension\GeekOut2018.EnovaExtension.csproj", "{94EFEB3D-AD26-4B90-B905-75541030C5C9}"
EndProject
Project("{2150E333-8FDC-42A3-9474-1A3956D46DE8}") = "Extension", "Extension", "{1E9A5D44-B1DC-49B2-B205-C5FF64BE5A85}"
EndProject
Project("{2150E333-8FDC-42A3-9474-1A3956D46DE8}") = "Original", "Original", "{81B4CF41-061B-470F-862B-3CAA7803F958}"
EndProject
Project("{2150E333-8FDC-42A3-9474-1A3956D46DE8}") = "UnitTest", "UnitTest", "{54DFCB26-E0F1-42F7-8CF9-5510551A3618}"
EndProject
Project("{2150E333-8FDC-42A3-9474-1A3956D46DE8}") = "Tests", "Tests", "{922983AD-733E-4701-AFC9-19FBB3D2B662}"
EndProject
Project("{FAE04EC0-301F-11D3-BF4B-00C04F79EFBC}") = "GeekOut2018.EnovaExtension.Tests", "GeekOut2018.EnovaExtension.Tests\GeekOut2018.EnovaExtension.Tests.csproj", "{65C814D0-51E7-4AC7-8569-3EA25019CA86}"
EndProject
Project("{FAE04EC0-301F-11D3-BF4B-00C04F79EFBC}") = "GeekOut2018.EnovaUnitTestExtension", "GeekOut2018.EnovaAutonomousExtension\GeekOut2018.EnovaUnitTestExtension.csproj", "{8372DECB-E2D0-46E1-98E2-42527F5409A9}"
EndProject
Project("{FAE04EC0-301F-11D3-BF4B-00C04F79EFBC}") = "GeekOut2018.EnovaUnitTestExtension.Tests", "GeekOut2018.EnovaUnitTestExtension.Tests\GeekOut2018.EnovaUnitTestExtension.Tests.csproj", "{4F26CA80-4BE8-47D9-A114-C7B4544DE353}"
EndProject
Global
	GlobalSection(SolutionConfigurationPlatforms) = preSolution
		Debug|Any CPU = Debug|Any CPU
		Release|Any CPU = Release|Any CPU
	EndGlobalSection
	GlobalSection(ProjectConfigurationPlatforms) = postSolution
		{CC369AB2-E5E5-4C8C-9CCA-F6852B7BFC3F}.Debug|Any CPU.ActiveCfg = Debug|Any CPU
		{CC369AB2-E5E5-4C8C-9CCA-F6852B7BFC3F}.Debug|Any CPU.Build.0 = Debug|Any CPU
		{CC369AB2-E5E5-4C8C-9CCA-F6852B7BFC3F}.Release|Any CPU.ActiveCfg = Release|Any CPU
		{CC369AB2-E5E5-4C8C-9CCA-F6852B7BFC3F}.Release|Any CPU.Build.0 = Release|Any CPU
		{B2FB5BD5-4387-4738-934B-12A70807F06D}.Debug|Any CPU.ActiveCfg = Debug|Any CPU
		{B2FB5BD5-4387-4738-934B-12A70807F06D}.Debug|Any CPU.Build.0 = Debug|Any CPU
		{B2FB5BD5-4387-4738-934B-12A70807F06D}.Release|Any CPU.ActiveCfg = Release|Any CPU
		{B2FB5BD5-4387-4738-934B-12A70807F06D}.Release|Any CPU.Build.0 = Release|Any CPU
		{94EFEB3D-AD26-4B90-B905-75541030C5C9}.Debug|Any CPU.ActiveCfg = Debug|Any CPU
		{94EFEB3D-AD26-4B90-B905-75541030C5C9}.Debug|Any CPU.Build.0 = Debug|Any CPU
		{94EFEB3D-AD26-4B90-B905-75541030C5C9}.Release|Any CPU.ActiveCfg = Release|Any CPU
		{94EFEB3D-AD26-4B90-B905-75541030C5C9}.Release|Any CPU.Build.0 = Release|Any CPU
		{65C814D0-51E7-4AC7-8569-3EA25019CA86}.Debug|Any CPU.ActiveCfg = Debug|Any CPU
		{65C814D0-51E7-4AC7-8569-3EA25019CA86}.Debug|Any CPU.Build.0 = Debug|Any CPU
		{65C814D0-51E7-4AC7-8569-3EA25019CA86}.Release|Any CPU.ActiveCfg = Release|Any CPU
		{65C814D0-51E7-4AC7-8569-3EA25019CA86}.Release|Any CPU.Build.0 = Release|Any CPU
		{8372DECB-E2D0-46E1-98E2-42527F5409A9}.Debug|Any CPU.ActiveCfg = Debug|Any CPU
		{8372DECB-E2D0-46E1-98E2-42527F5409A9}.Debug|Any CPU.Build.0 = Debug|Any CPU
		{8372DECB-E2D0-46E1-98E2-42527F5409A9}.Release|Any CPU.ActiveCfg = Release|Any CPU
		{8372DECB-E2D0-46E1-98E2-42527F5409A9}.Release|Any CPU.Build.0 = Release|Any CPU
		{4F26CA80-4BE8-47D9-A114-C7B4544DE353}.Debug|Any CPU.ActiveCfg = Debug|Any CPU
		{4F26CA80-4BE8-47D9-A114-C7B4544DE353}.Debug|Any CPU.Build.0 = Debug|Any CPU
		{4F26CA80-4BE8-47D9-A114-C7B4544DE353}.Release|Any CPU.ActiveCfg = Release|Any CPU
		{4F26CA80-4BE8-47D9-A114-C7B4544DE353}.Release|Any CPU.Build.0 = Release|Any CPU
	EndGlobalSection
	GlobalSection(SolutionProperties) = preSolution
		HideSolutionNode = FALSE
	EndGlobalSection
	GlobalSection(NestedProjects) = preSolution
		{B2FB5BD5-4387-4738-934B-12A70807F06D} = {922983AD-733E-4701-AFC9-19FBB3D2B662}
		{94EFEB3D-AD26-4B90-B905-75541030C5C9} = {81B4CF41-061B-470F-862B-3CAA7803F958}
		{81B4CF41-061B-470F-862B-3CAA7803F958} = {1E9A5D44-B1DC-49B2-B205-C5FF64BE5A85}
		{54DFCB26-E0F1-42F7-8CF9-5510551A3618} = {1E9A5D44-B1DC-49B2-B205-C5FF64BE5A85}
		{65C814D0-51E7-4AC7-8569-3EA25019CA86} = {922983AD-733E-4701-AFC9-19FBB3D2B662}
		{8372DECB-E2D0-46E1-98E2-42527F5409A9} = {54DFCB26-E0F1-42F7-8CF9-5510551A3618}
		{4F26CA80-4BE8-47D9-A114-C7B4544DE353} = {922983AD-733E-4701-AFC9-19FBB3D2B662}
	EndGlobalSection
	GlobalSection(ExtensibilityGlobals) = postSolution
		SolutionGuid = {3DBBFA60-92A7-4CCC-B394-601ADD71A33F}
	EndGlobalSection
EndGlobal
